// !$*UTF8*$!
{
	archiveVersion = 1;
	classes = {
	};
	objectVersion = 50;
	objects = {

/* Begin PBXBuildFile section */
		A802125F26F95B720056C17D /* CitySightsApp.swift in Sources */ = {isa = PBXBuildFile; fileRef = A802125E26F95B720056C17D /* CitySightsApp.swift */; };
		A802126126F95B720056C17D /* LaunchView.swift in Sources */ = {isa = PBXBuildFile; fileRef = A802126026F95B720056C17D /* LaunchView.swift */; };
		A802126326F95B720056C17D /* Assets.xcassets in Resources */ = {isa = PBXBuildFile; fileRef = A802126226F95B720056C17D /* Assets.xcassets */; };
		A802126626F95B720056C17D /* Preview Assets.xcassets in Resources */ = {isa = PBXBuildFile; fileRef = A802126526F95B720056C17D /* Preview Assets.xcassets */; };
		A802127126F95DD50056C17D /* ContentModel.swift in Sources */ = {isa = PBXBuildFile; fileRef = A802127026F95DD50056C17D /* ContentModel.swift */; };
		A8131A55270A2A6300C14890 /* OnboardingView.swift in Sources */ = {isa = PBXBuildFile; fileRef = A8131A54270A2A6300C14890 /* OnboardingView.swift */; };
		A8131A57270A2FC100C14890 /* LocationDeniedView.swift in Sources */ = {isa = PBXBuildFile; fileRef = A8131A56270A2FC100C14890 /* LocationDeniedView.swift */; };
		A87F263B270293D300A2A48B /* BusinessDetail.swift in Sources */ = {isa = PBXBuildFile; fileRef = A87F263A270293D300A2A48B /* BusinessDetail.swift */; };
		A87F263E2703D93D00A2A48B /* BusinessMap.swift in Sources */ = {isa = PBXBuildFile; fileRef = A87F263D2703D93D00A2A48B /* BusinessMap.swift */; };
		A8AD5EAD26FD4A13002C625F /* Business.swift in Sources */ = {isa = PBXBuildFile; fileRef = A8AD5EAC26FD4A13002C625F /* Business.swift */; };
		A8AD5EAF26FD4C8F002C625F /* BusinessSearch.swift in Sources */ = {isa = PBXBuildFile; fileRef = A8AD5EAE26FD4C8F002C625F /* BusinessSearch.swift */; };
		A8AD5EB226FD4FED002C625F /* Constants.swift in Sources */ = {isa = PBXBuildFile; fileRef = A8AD5EB126FD4FED002C625F /* Constants.swift */; };
		A8AD5EB726FD5469002C625F /* HomeView.swift in Sources */ = {isa = PBXBuildFile; fileRef = A8AD5EB626FD5469002C625F /* HomeView.swift */; };
		A8AD5EBA26FD568C002C625F /* BusinessList.swift in Sources */ = {isa = PBXBuildFile; fileRef = A8AD5EB926FD568C002C625F /* BusinessList.swift */; };
		A8AD5EBC26FD587B002C625F /* BusinessSectionHeader.swift in Sources */ = {isa = PBXBuildFile; fileRef = A8AD5EBB26FD587B002C625F /* BusinessSectionHeader.swift */; };
		A8AD5EBF26FD5918002C625F /* BusinessSection.swift in Sources */ = {isa = PBXBuildFile; fileRef = A8AD5EBE26FD5918002C625F /* BusinessSection.swift */; };
		A8AD5EC127011BE0002C625F /* BusinessRow.swift in Sources */ = {isa = PBXBuildFile; fileRef = A8AD5EC027011BE0002C625F /* BusinessRow.swift */; };
		A8FB6484270A102300BE66C4 /* DirectionsView.swift in Sources */ = {isa = PBXBuildFile; fileRef = A8FB6483270A102300BE66C4 /* DirectionsView.swift */; };
		A8FB6486270A106400BE66C4 /* BusinessTitle.swift in Sources */ = {isa = PBXBuildFile; fileRef = A8FB6485270A106400BE66C4 /* BusinessTitle.swift */; };
		A8FB6488270A173600BE66C4 /* DirectionsMap.swift in Sources */ = {isa = PBXBuildFile; fileRef = A8FB6487270A173600BE66C4 /* DirectionsMap.swift */; };
/* End PBXBuildFile section */

/* Begin PBXFileReference section */
		A802125B26F95B720056C17D /* City Sights App.app */ = {isa = PBXFileReference; explicitFileType = wrapper.application; includeInIndex = 0; path = "City Sights App.app"; sourceTree = BUILT_PRODUCTS_DIR; };
		A802125E26F95B720056C17D /* CitySightsApp.swift */ = {isa = PBXFileReference; lastKnownFileType = sourcecode.swift; path = CitySightsApp.swift; sourceTree = "<group>"; };
		A802126026F95B720056C17D /* LaunchView.swift */ = {isa = PBXFileReference; lastKnownFileType = sourcecode.swift; path = LaunchView.swift; sourceTree = "<group>"; };
		A802126226F95B720056C17D /* Assets.xcassets */ = {isa = PBXFileReference; lastKnownFileType = folder.assetcatalog; path = Assets.xcassets; sourceTree = "<group>"; };
		A802126526F95B720056C17D /* Preview Assets.xcassets */ = {isa = PBXFileReference; lastKnownFileType = folder.assetcatalog; path = "Preview Assets.xcassets"; sourceTree = "<group>"; };
		A802126726F95B720056C17D /* Info.plist */ = {isa = PBXFileReference; lastKnownFileType = text.plist.xml; path = Info.plist; sourceTree = "<group>"; };
		A802127026F95DD50056C17D /* ContentModel.swift */ = {isa = PBXFileReference; lastKnownFileType = sourcecode.swift; path = ContentModel.swift; sourceTree = "<group>"; };
		A8131A54270A2A6300C14890 /* OnboardingView.swift */ = {isa = PBXFileReference; lastKnownFileType = sourcecode.swift; path = OnboardingView.swift; sourceTree = "<group>"; };
		A8131A56270A2FC100C14890 /* LocationDeniedView.swift */ = {isa = PBXFileReference; lastKnownFileType = sourcecode.swift; path = LocationDeniedView.swift; sourceTree = "<group>"; };
		A87F263A270293D300A2A48B /* BusinessDetail.swift */ = {isa = PBXFileReference; lastKnownFileType = sourcecode.swift; path = BusinessDetail.swift; sourceTree = "<group>"; };
		A87F263D2703D93D00A2A48B /* BusinessMap.swift */ = {isa = PBXFileReference; lastKnownFileType = sourcecode.swift; path = BusinessMap.swift; sourceTree = "<group>"; };
		A8AD5EAC26FD4A13002C625F /* Business.swift */ = {isa = PBXFileReference; lastKnownFileType = sourcecode.swift; path = Business.swift; sourceTree = "<group>"; };
		A8AD5EAE26FD4C8F002C625F /* BusinessSearch.swift */ = {isa = PBXFileReference; lastKnownFileType = sourcecode.swift; path = BusinessSearch.swift; sourceTree = "<group>"; };
		A8AD5EB126FD4FED002C625F /* Constants.swift */ = {isa = PBXFileReference; lastKnownFileType = sourcecode.swift; path = Constants.swift; sourceTree = "<group>"; };
		A8AD5EB626FD5469002C625F /* HomeView.swift */ = {isa = PBXFileReference; lastKnownFileType = sourcecode.swift; path = HomeView.swift; sourceTree = "<group>"; };
		A8AD5EB926FD568C002C625F /* BusinessList.swift */ = {isa = PBXFileReference; lastKnownFileType = sourcecode.swift; path = BusinessList.swift; sourceTree = "<group>"; };
		A8AD5EBB26FD587B002C625F /* BusinessSectionHeader.swift */ = {isa = PBXFileReference; lastKnownFileType = sourcecode.swift; path = BusinessSectionHeader.swift; sourceTree = "<group>"; };
		A8AD5EBE26FD5918002C625F /* BusinessSection.swift */ = {isa = PBXFileReference; lastKnownFileType = sourcecode.swift; path = BusinessSection.swift; sourceTree = "<group>"; };
		A8AD5EC027011BE0002C625F /* BusinessRow.swift */ = {isa = PBXFileReference; lastKnownFileType = sourcecode.swift; path = BusinessRow.swift; sourceTree = "<group>"; };
		A8FB6483270A102300BE66C4 /* DirectionsView.swift */ = {isa = PBXFileReference; lastKnownFileType = sourcecode.swift; path = DirectionsView.swift; sourceTree = "<group>"; };
		A8FB6485270A106400BE66C4 /* BusinessTitle.swift */ = {isa = PBXFileReference; lastKnownFileType = sourcecode.swift; path = BusinessTitle.swift; sourceTree = "<group>"; };
		A8FB6487270A173600BE66C4 /* DirectionsMap.swift */ = {isa = PBXFileReference; lastKnownFileType = sourcecode.swift; path = DirectionsMap.swift; sourceTree = "<group>"; };
/* End PBXFileReference section */

/* Begin PBXFrameworksBuildPhase section */
		A802125826F95B720056C17D /* Frameworks */ = {
			isa = PBXFrameworksBuildPhase;
			buildActionMask = 2147483647;
			files = (
			);
			runOnlyForDeploymentPostprocessing = 0;
		};
/* End PBXFrameworksBuildPhase section */

/* Begin PBXGroup section */
		A802125226F95B720056C17D = {
			isa = PBXGroup;
			children = (
				A802125D26F95B720056C17D /* City Sights App */,
				A802125C26F95B720056C17D /* Products */,
			);
			sourceTree = "<group>";
		};
		A802125C26F95B720056C17D /* Products */ = {
			isa = PBXGroup;
			children = (
				A802125B26F95B720056C17D /* City Sights App.app */,
			);
			name = Products;
			sourceTree = "<group>";
		};
		A802125D26F95B720056C17D /* City Sights App */ = {
			isa = PBXGroup;
			children = (
				A802125E26F95B720056C17D /* CitySightsApp.swift */,
				A802126F26F95BDE0056C17D /* Views */,
				A802126E26F95BD90056C17D /* ViewModels */,
				A802126D26F95BD00056C17D /* Models */,
				A8AD5EB026FD4FDB002C625F /* Utilities */,
				A802126226F95B720056C17D /* Assets.xcassets */,
				A802126726F95B720056C17D /* Info.plist */,
				A802126426F95B720056C17D /* Preview Content */,
			);
			path = "City Sights App";
			sourceTree = "<group>";
		};
		A802126426F95B720056C17D /* Preview Content */ = {
			isa = PBXGroup;
			children = (
				A802126526F95B720056C17D /* Preview Assets.xcassets */,
			);
			path = "Preview Content";
			sourceTree = "<group>";
		};
		A802126D26F95BD00056C17D /* Models */ = {
			isa = PBXGroup;
			children = (
				A8AD5EAC26FD4A13002C625F /* Business.swift */,
				A8AD5EAE26FD4C8F002C625F /* BusinessSearch.swift */,
			);
			path = Models;
			sourceTree = "<group>";
		};
		A802126E26F95BD90056C17D /* ViewModels */ = {
			isa = PBXGroup;
			children = (
				A802127026F95DD50056C17D /* ContentModel.swift */,
			);
			path = ViewModels;
			sourceTree = "<group>";
		};
		A802126F26F95BDE0056C17D /* Views */ = {
			isa = PBXGroup;
			children = (
				A802126026F95B720056C17D /* LaunchView.swift */,
				A8AD5EB326FD536B002C625F /* Onboarding */,
				A8AD5EB426FD5378002C625F /* Home */,
				A8AD5EB526FD537F002C625F /* Denied */,
			);
			path = Views;
			sourceTree = "<group>";
		};
		A87F2639270293C100A2A48B /* Detail */ = {
			isa = PBXGroup;
			children = (
				A87F263A270293D300A2A48B /* BusinessDetail.swift */,
				A8FB6483270A102300BE66C4 /* DirectionsView.swift */,
				A8FB6485270A106400BE66C4 /* BusinessTitle.swift */,
			);
			path = Detail;
			sourceTree = "<group>";
		};
		A87F263C2703D91800A2A48B /* Map */ = {
			isa = PBXGroup;
			children = (
				A87F263D2703D93D00A2A48B /* BusinessMap.swift */,
				A8FB6487270A173600BE66C4 /* DirectionsMap.swift */,
			);
			path = Map;
			sourceTree = "<group>";
		};
		A8AD5EB026FD4FDB002C625F /* Utilities */ = {
			isa = PBXGroup;
			children = (
				A8AD5EB126FD4FED002C625F /* Constants.swift */,
			);
			path = Utilities;
			sourceTree = "<group>";
		};
		A8AD5EB326FD536B002C625F /* Onboarding */ = {
			isa = PBXGroup;
			children = (
				A8131A54270A2A6300C14890 /* OnboardingView.swift */,
			);
			path = Onboarding;
			sourceTree = "<group>";
		};
		A8AD5EB426FD5378002C625F /* Home */ = {
			isa = PBXGroup;
			children = (
				A8AD5EB626FD5469002C625F /* HomeView.swift */,
				A87F2639270293C100A2A48B /* Detail */,
				A87F263C2703D91800A2A48B /* Map */,
				A8AD5EB826FD5676002C625F /* List */,
			);
			path = Home;
			sourceTree = "<group>";
		};
		A8AD5EB526FD537F002C625F /* Denied */ = {
			isa = PBXGroup;
			children = (
				A8131A56270A2FC100C14890 /* LocationDeniedView.swift */,
			);
			path = Denied;
			sourceTree = "<group>";
		};
		A8AD5EB826FD5676002C625F /* List */ = {
			isa = PBXGroup;
			children = (
				A8AD5EB926FD568C002C625F /* BusinessList.swift */,
				A8AD5EBE26FD5918002C625F /* BusinessSection.swift */,
				A8AD5EBB26FD587B002C625F /* BusinessSectionHeader.swift */,
				A8AD5EC027011BE0002C625F /* BusinessRow.swift */,
			);
			path = List;
			sourceTree = "<group>";
		};
/* End PBXGroup section */

/* Begin PBXNativeTarget section */
		A802125A26F95B720056C17D /* City Sights App */ = {
			isa = PBXNativeTarget;
			buildConfigurationList = A802126A26F95B720056C17D /* Build configuration list for PBXNativeTarget "City Sights App" */;
			buildPhases = (
				A802125726F95B720056C17D /* Sources */,
				A802125826F95B720056C17D /* Frameworks */,
				A802125926F95B720056C17D /* Resources */,
			);
			buildRules = (
			);
			dependencies = (
			);
			name = "City Sights App";
			productName = "City Sights App";
			productReference = A802125B26F95B720056C17D /* City Sights App.app */;
			productType = "com.apple.product-type.application";
		};
/* End PBXNativeTarget section */

/* Begin PBXProject section */
		A802125326F95B720056C17D /* Project object */ = {
			isa = PBXProject;
			attributes = {
				LastSwiftUpdateCheck = 1250;
				LastUpgradeCheck = 1250;
				TargetAttributes = {
					A802125A26F95B720056C17D = {
						CreatedOnToolsVersion = 12.5.1;
					};
				};
			};
			buildConfigurationList = A802125626F95B720056C17D /* Build configuration list for PBXProject "City Sights App" */;
			compatibilityVersion = "Xcode 9.3";
			developmentRegion = en;
			hasScannedForEncodings = 0;
			knownRegions = (
				en,
				Base,
			);
			mainGroup = A802125226F95B720056C17D;
			productRefGroup = A802125C26F95B720056C17D /* Products */;
			projectDirPath = "";
			projectRoot = "";
			targets = (
				A802125A26F95B720056C17D /* City Sights App */,
			);
		};
/* End PBXProject section */

/* Begin PBXResourcesBuildPhase section */
		A802125926F95B720056C17D /* Resources */ = {
			isa = PBXResourcesBuildPhase;
			buildActionMask = 2147483647;
			files = (
				A802126626F95B720056C17D /* Preview Assets.xcassets in Resources */,
				A802126326F95B720056C17D /* Assets.xcassets in Resources */,
			);
			runOnlyForDeploymentPostprocessing = 0;
		};
/* End PBXResourcesBuildPhase section */

/* Begin PBXSourcesBuildPhase section */
		A802125726F95B720056C17D /* Sources */ = {
			isa = PBXSourcesBuildPhase;
			buildActionMask = 2147483647;
			files = (
				A8FB6488270A173600BE66C4 /* DirectionsMap.swift in Sources */,
				A802126126F95B720056C17D /* LaunchView.swift in Sources */,
				A8AD5EC127011BE0002C625F /* BusinessRow.swift in Sources */,
				A8FB6484270A102300BE66C4 /* DirectionsView.swift in Sources */,
				A8AD5EB726FD5469002C625F /* HomeView.swift in Sources */,
				A8AD5EAD26FD4A13002C625F /* Business.swift in Sources */,
				A8131A57270A2FC100C14890 /* LocationDeniedView.swift in Sources */,
				A8AD5EBC26FD587B002C625F /* BusinessSectionHeader.swift in Sources */,
				A802125F26F95B720056C17D /* CitySightsApp.swift in Sources */,
				A87F263B270293D300A2A48B /* BusinessDetail.swift in Sources */,
				A8AD5EAF26FD4C8F002C625F /* BusinessSearch.swift in Sources */,
				A8FB6486270A106400BE66C4 /* BusinessTitle.swift in Sources */,
				A8AD5EBA26FD568C002C625F /* BusinessList.swift in Sources */,
				A87F263E2703D93D00A2A48B /* BusinessMap.swift in Sources */,
				A8AD5EBF26FD5918002C625F /* BusinessSection.swift in Sources */,
				A802127126F95DD50056C17D /* ContentModel.swift in Sources */,
				A8131A55270A2A6300C14890 /* OnboardingView.swift in Sources */,
				A8AD5EB226FD4FED002C625F /* Constants.swift in Sources */,
			);
			runOnlyForDeploymentPostprocessing = 0;
		};
/* End PBXSourcesBuildPhase section */

/* Begin XCBuildConfiguration section */
		A802126826F95B720056C17D /* Debug */ = {
			isa = XCBuildConfiguration;
			buildSettings = {
				ALWAYS_SEARCH_USER_PATHS = NO;
				CLANG_ANALYZER_NONNULL = YES;
				CLANG_ANALYZER_NUMBER_OBJECT_CONVERSION = YES_AGGRESSIVE;
				CLANG_CXX_LANGUAGE_STANDARD = "gnu++14";
				CLANG_CXX_LIBRARY = "libc++";
				CLANG_ENABLE_MODULES = YES;
				CLANG_ENABLE_OBJC_ARC = YES;
				CLANG_ENABLE_OBJC_WEAK = YES;
				CLANG_WARN_BLOCK_CAPTURE_AUTORELEASING = YES;
				CLANG_WARN_BOOL_CONVERSION = YES;
				CLANG_WARN_COMMA = YES;
				CLANG_WARN_CONSTANT_CONVERSION = YES;
				CLANG_WARN_DEPRECATED_OBJC_IMPLEMENTATIONS = YES;
				CLANG_WARN_DIRECT_OBJC_ISA_USAGE = YES_ERROR;
				CLANG_WARN_DOCUMENTATION_COMMENTS = YES;
				CLANG_WARN_EMPTY_BODY = YES;
				CLANG_WARN_ENUM_CONVERSION = YES;
				CLANG_WARN_INFINITE_RECURSION = YES;
				CLANG_WARN_INT_CONVERSION = YES;
				CLANG_WARN_NON_LITERAL_NULL_CONVERSION = YES;
				CLANG_WARN_OBJC_IMPLICIT_RETAIN_SELF = YES;
				CLANG_WARN_OBJC_LITERAL_CONVERSION = YES;
				CLANG_WARN_OBJC_ROOT_CLASS = YES_ERROR;
				CLANG_WARN_QUOTED_INCLUDE_IN_FRAMEWORK_HEADER = YES;
				CLANG_WARN_RANGE_LOOP_ANALYSIS = YES;
				CLANG_WARN_STRICT_PROTOTYPES = YES;
				CLANG_WARN_SUSPICIOUS_MOVE = YES;
				CLANG_WARN_UNGUARDED_AVAILABILITY = YES_AGGRESSIVE;
				CLANG_WARN_UNREACHABLE_CODE = YES;
				CLANG_WARN__DUPLICATE_METHOD_MATCH = YES;
				COPY_PHASE_STRIP = NO;
				DEBUG_INFORMATION_FORMAT = dwarf;
				ENABLE_STRICT_OBJC_MSGSEND = YES;
				ENABLE_TESTABILITY = YES;
				GCC_C_LANGUAGE_STANDARD = gnu11;
				GCC_DYNAMIC_NO_PIC = NO;
				GCC_NO_COMMON_BLOCKS = YES;
				GCC_OPTIMIZATION_LEVEL = 0;
				GCC_PREPROCESSOR_DEFINITIONS = (
					"DEBUG=1",
					"$(inherited)",
				);
				GCC_WARN_64_TO_32_BIT_CONVERSION = YES;
				GCC_WARN_ABOUT_RETURN_TYPE = YES_ERROR;
				GCC_WARN_UNDECLARED_SELECTOR = YES;
				GCC_WARN_UNINITIALIZED_AUTOS = YES_AGGRESSIVE;
				GCC_WARN_UNUSED_FUNCTION = YES;
				GCC_WARN_UNUSED_VARIABLE = YES;
				IPHONEOS_DEPLOYMENT_TARGET = 14.5;
				MTL_ENABLE_DEBUG_INFO = INCLUDE_SOURCE;
				MTL_FAST_MATH = YES;
				ONLY_ACTIVE_ARCH = YES;
				SDKROOT = iphoneos;
				SWIFT_ACTIVE_COMPILATION_CONDITIONS = DEBUG;
				SWIFT_OPTIMIZATION_LEVEL = "-Onone";
			};
			name = Debug;
		};
		A802126926F95B720056C17D /* Release */ = {
			isa = XCBuildConfiguration;
			buildSettings = {
				ALWAYS_SEARCH_USER_PATHS = NO;
				CLANG_ANALYZER_NONNULL = YES;
				CLANG_ANALYZER_NUMBER_OBJECT_CONVERSION = YES_AGGRESSIVE;
				CLANG_CXX_LANGUAGE_STANDARD = "gnu++14";
				CLANG_CXX_LIBRARY = "libc++";
				CLANG_ENABLE_MODULES = YES;
				CLANG_ENABLE_OBJC_ARC = YES;
				CLANG_ENABLE_OBJC_WEAK = YES;
				CLANG_WARN_BLOCK_CAPTURE_AUTORELEASING = YES;
				CLANG_WARN_BOOL_CONVERSION = YES;
				CLANG_WARN_COMMA = YES;
				CLANG_WARN_CONSTANT_CONVERSION = YES;
				CLANG_WARN_DEPRECATED_OBJC_IMPLEMENTATIONS = YES;
				CLANG_WARN_DIRECT_OBJC_ISA_USAGE = YES_ERROR;
				CLANG_WARN_DOCUMENTATION_COMMENTS = YES;
				CLANG_WARN_EMPTY_BODY = YES;
				CLANG_WARN_ENUM_CONVERSION = YES;
				CLANG_WARN_INFINITE_RECURSION = YES;
				CLANG_WARN_INT_CONVERSION = YES;
				CLANG_WARN_NON_LITERAL_NULL_CONVERSION = YES;
				CLANG_WARN_OBJC_IMPLICIT_RETAIN_SELF = YES;
				CLANG_WARN_OBJC_LITERAL_CONVERSION = YES;
				CLANG_WARN_OBJC_ROOT_CLASS = YES_ERROR;
				CLANG_WARN_QUOTED_INCLUDE_IN_FRAMEWORK_HEADER = YES;
				CLANG_WARN_RANGE_LOOP_ANALYSIS = YES;
				CLANG_WARN_STRICT_PROTOTYPES = YES;
				CLANG_WARN_SUSPICIOUS_MOVE = YES;
				CLANG_WARN_UNGUARDED_AVAILABILITY = YES_AGGRESSIVE;
				CLANG_WARN_UNREACHABLE_CODE = YES;
				CLANG_WARN__DUPLICATE_METHOD_MATCH = YES;
				COPY_PHASE_STRIP = NO;
				DEBUG_INFORMATION_FORMAT = "dwarf-with-dsym";
				ENABLE_NS_ASSERTIONS = NO;
				ENABLE_STRICT_OBJC_MSGSEND = YES;
				GCC_C_LANGUAGE_STANDARD = gnu11;
				GCC_NO_COMMON_BLOCKS = YES;
				GCC_WARN_64_TO_32_BIT_CONVERSION = YES;
				GCC_WARN_ABOUT_RETURN_TYPE = YES_ERROR;
				GCC_WARN_UNDECLARED_SELECTOR = YES;
				GCC_WARN_UNINITIALIZED_AUTOS = YES_AGGRESSIVE;
				GCC_WARN_UNUSED_FUNCTION = YES;
				GCC_WARN_UNUSED_VARIABLE = YES;
				IPHONEOS_DEPLOYMENT_TARGET = 14.5;
				MTL_ENABLE_DEBUG_INFO = NO;
				MTL_FAST_MATH = YES;
				SDKROOT = iphoneos;
				SWIFT_COMPILATION_MODE = wholemodule;
				SWIFT_OPTIMIZATION_LEVEL = "-O";
				VALIDATE_PRODUCT = YES;
			};
			name = Release;
		};
		A802126B26F95B720056C17D /* Debug */ = {
			isa = XCBuildConfiguration;
			buildSettings = {
				ASSETCATALOG_COMPILER_APPICON_NAME = AppIcon;
				ASSETCATALOG_COMPILER_GLOBAL_ACCENT_COLOR_NAME = AccentColor;
				CODE_SIGN_STYLE = Automatic;
				DEVELOPMENT_ASSET_PATHS = "\"City Sights App/Preview Content\"";
				ENABLE_PREVIEWS = YES;
				INFOPLIST_FILE = "City Sights App/Info.plist";
				IPHONEOS_DEPLOYMENT_TARGET = 14.0;
				LD_RUNPATH_SEARCH_PATHS = (
					"$(inherited)",
					"@executable_path/Frameworks",
				);
				PRODUCT_BUNDLE_IDENTIFIER = "com.cmshoenberger.City-Sights-App";
				PRODUCT_NAME = "$(TARGET_NAME)";
				SWIFT_VERSION = 5.0;
				TARGETED_DEVICE_FAMILY = "1,2";
			};
			name = Debug;
		};
		A802126C26F95B720056C17D /* Release */ = {
			isa = XCBuildConfiguration;
			buildSettings = {
				ASSETCATALOG_COMPILER_APPICON_NAME = AppIcon;
				ASSETCATALOG_COMPILER_GLOBAL_ACCENT_COLOR_NAME = AccentColor;
				CODE_SIGN_STYLE = Automatic;
				DEVELOPMENT_ASSET_PATHS = "\"City Sights App/Preview Content\"";
				ENABLE_PREVIEWS = YES;
				INFOPLIST_FILE = "City Sights App/Info.plist";
				IPHONEOS_DEPLOYMENT_TARGET = 14.0;
				LD_RUNPATH_SEARCH_PATHS = (
					"$(inherited)",
					"@executable_path/Frameworks",
				);
				PRODUCT_BUNDLE_IDENTIFIER = "com.cmshoenberger.City-Sights-App";
				PRODUCT_NAME = "$(TARGET_NAME)";
				SWIFT_VERSION = 5.0;
				TARGETED_DEVICE_FAMILY = "1,2";
			};
			name = Release;
		};
/* End XCBuildConfiguration section */

/* Begin XCConfigurationList section */
		A802125626F95B720056C17D /* Build configuration list for PBXProject "City Sights App" */ = {
			isa = XCConfigurationList;
			buildConfigurations = (
				A802126826F95B720056C17D /* Debug */,
				A802126926F95B720056C17D /* Release */,
			);
			defaultConfigurationIsVisible = 0;
			defaultConfigurationName = Release;
		};
		A802126A26F95B720056C17D /* Build configuration list for PBXNativeTarget "City Sights App" */ = {
			isa = XCConfigurationList;
			buildConfigurations = (
				A802126B26F95B720056C17D /* Debug */,
				A802126C26F95B720056C17D /* Release */,
			);
			defaultConfigurationIsVisible = 0;
			defaultConfigurationName = Release;
		};
/* End XCConfigurationList section */
	};
	rootObject = A802125326F95B720056C17D /* Project object */;
}
